// !$*UTF8*$!
{
	archiveVersion = 1;
	classes = {
	};
	objectVersion = 56;
	objects = {

/* Begin PBXBuildFile section */
		17C4B3002CE92E2A00216661 /* ProfileView.swift in Sources */ = {isa = PBXBuildFile; fileRef = 17C4B2FF2CE92E2A00216661 /* ProfileView.swift */; };
		17C4B3022CE92E3300216661 /* SearchView.swift in Sources */ = {isa = PBXBuildFile; fileRef = 17C4B3012CE92E3300216661 /* SearchView.swift */; };
		17C4B3042CE92E3A00216661 /* TrendsView.swift in Sources */ = {isa = PBXBuildFile; fileRef = 17C4B3032CE92E3A00216661 /* TrendsView.swift */; };
		17C4B3072CE92F0C00216661 /* Product.swift in Sources */ = {isa = PBXBuildFile; fileRef = 17C4B3062CE92F0C00216661 /* Product.swift */; };
		17C4B3092CE92F1400216661 /* User.swift in Sources */ = {isa = PBXBuildFile; fileRef = 17C4B3082CE92F1400216661 /* User.swift */; };
		17C4B30B2CE9300C00216661 /* Store.swift in Sources */ = {isa = PBXBuildFile; fileRef = 17C4B30A2CE9300C00216661 /* Store.swift */; };
		17C4B30D2CE9301700216661 /* ViewModel.swift in Sources */ = {isa = PBXBuildFile; fileRef = 17C4B30C2CE9301700216661 /* ViewModel.swift */; };
		17C4B3102CE9324600216661 /* ChartView.swift in Sources */ = {isa = PBXBuildFile; fileRef = 17C4B30F2CE9324600216661 /* ChartView.swift */; };
		17C4B3122CE932F700216661 /* ProductListView.swift in Sources */ = {isa = PBXBuildFile; fileRef = 17C4B3112CE932F700216661 /* ProductListView.swift */; };
		17C4B3182CE9398200216661 /* PriceIncrement.swift in Sources */ = {isa = PBXBuildFile; fileRef = 17C4B3172CE9398200216661 /* PriceIncrement.swift */; };
		17C4B31E2CE94BFA00216661 /* SampleData.swift in Sources */ = {isa = PBXBuildFile; fileRef = 17C4B31D2CE94BFA00216661 /* SampleData.swift */; };
		17C4B3202CE94C2200216661 /* SampleData.csv in Resources */ = {isa = PBXBuildFile; fileRef = 17C4B31F2CE94C2200216661 /* SampleData.csv */; };
		C4A496112CE92CC70012CB69 /* GroceryAppApp.swift in Sources */ = {isa = PBXBuildFile; fileRef = C4A496102CE92CC70012CB69 /* GroceryAppApp.swift */; };
		C4A496132CE92CC70012CB69 /* ContentView.swift in Sources */ = {isa = PBXBuildFile; fileRef = C4A496122CE92CC70012CB69 /* ContentView.swift */; };
		C4A496152CE92CC80012CB69 /* Assets.xcassets in Resources */ = {isa = PBXBuildFile; fileRef = C4A496142CE92CC80012CB69 /* Assets.xcassets */; };
		C4A496182CE92CC80012CB69 /* Preview Assets.xcassets in Resources */ = {isa = PBXBuildFile; fileRef = C4A496172CE92CC80012CB69 /* Preview Assets.xcassets */; };
		C4A496222CE92CC90012CB69 /* GroceryAppTests.swift in Sources */ = {isa = PBXBuildFile; fileRef = C4A496212CE92CC90012CB69 /* GroceryAppTests.swift */; };
		C4A4962C2CE92CC90012CB69 /* GroceryAppUITests.swift in Sources */ = {isa = PBXBuildFile; fileRef = C4A4962B2CE92CC90012CB69 /* GroceryAppUITests.swift */; };
		C4A4962E2CE92CC90012CB69 /* GroceryAppUITestsLaunchTests.swift in Sources */ = {isa = PBXBuildFile; fileRef = C4A4962D2CE92CC90012CB69 /* GroceryAppUITestsLaunchTests.swift */; };
		C4A4963B2CE93FF50012CB69 /* Util.swift in Sources */ = {isa = PBXBuildFile; fileRef = C4A4963A2CE93FF50012CB69 /* Util.swift */; };
/* End PBXBuildFile section */

/* Begin PBXContainerItemProxy section */
		C4A4961E2CE92CC90012CB69 /* PBXContainerItemProxy */ = {
			isa = PBXContainerItemProxy;
			containerPortal = C4A496052CE92CC70012CB69 /* Project object */;
			proxyType = 1;
			remoteGlobalIDString = C4A4960C2CE92CC70012CB69;
			remoteInfo = GroceryApp;
		};
		C4A496282CE92CC90012CB69 /* PBXContainerItemProxy */ = {
			isa = PBXContainerItemProxy;
			containerPortal = C4A496052CE92CC70012CB69 /* Project object */;
			proxyType = 1;
			remoteGlobalIDString = C4A4960C2CE92CC70012CB69;
			remoteInfo = GroceryApp;
		};
/* End PBXContainerItemProxy section */

/* Begin PBXFileReference section */
		17C4B2FF2CE92E2A00216661 /* ProfileView.swift */ = {isa = PBXFileReference; lastKnownFileType = sourcecode.swift; path = ProfileView.swift; sourceTree = "<group>"; };
		17C4B3012CE92E3300216661 /* SearchView.swift */ = {isa = PBXFileReference; lastKnownFileType = sourcecode.swift; path = SearchView.swift; sourceTree = "<group>"; };
		17C4B3032CE92E3A00216661 /* TrendsView.swift */ = {isa = PBXFileReference; lastKnownFileType = sourcecode.swift; path = TrendsView.swift; sourceTree = "<group>"; };
		17C4B3062CE92F0C00216661 /* Product.swift */ = {isa = PBXFileReference; lastKnownFileType = sourcecode.swift; path = Product.swift; sourceTree = "<group>"; };
		17C4B3082CE92F1400216661 /* User.swift */ = {isa = PBXFileReference; lastKnownFileType = sourcecode.swift; path = User.swift; sourceTree = "<group>"; };
		17C4B30A2CE9300C00216661 /* Store.swift */ = {isa = PBXFileReference; lastKnownFileType = sourcecode.swift; path = Store.swift; sourceTree = "<group>"; };
		17C4B30C2CE9301700216661 /* ViewModel.swift */ = {isa = PBXFileReference; lastKnownFileType = sourcecode.swift; path = ViewModel.swift; sourceTree = "<group>"; };
		17C4B30F2CE9324600216661 /* ChartView.swift */ = {isa = PBXFileReference; lastKnownFileType = sourcecode.swift; path = ChartView.swift; sourceTree = "<group>"; };
		17C4B3112CE932F700216661 /* ProductListView.swift */ = {isa = PBXFileReference; lastKnownFileType = sourcecode.swift; path = ProductListView.swift; sourceTree = "<group>"; };
		17C4B3172CE9398200216661 /* PriceIncrement.swift */ = {isa = PBXFileReference; lastKnownFileType = sourcecode.swift; path = PriceIncrement.swift; sourceTree = "<group>"; };
		17C4B31D2CE94BFA00216661 /* SampleData.swift */ = {isa = PBXFileReference; lastKnownFileType = sourcecode.swift; path = SampleData.swift; sourceTree = "<group>"; };
		17C4B31F2CE94C2200216661 /* SampleData.csv */ = {isa = PBXFileReference; fileEncoding = 4; lastKnownFileType = text; path = SampleData.csv; sourceTree = "<group>"; };
		C4A4960D2CE92CC70012CB69 /* GroceryApp.app */ = {isa = PBXFileReference; explicitFileType = wrapper.application; includeInIndex = 0; path = GroceryApp.app; sourceTree = BUILT_PRODUCTS_DIR; };
		C4A496102CE92CC70012CB69 /* GroceryAppApp.swift */ = {isa = PBXFileReference; lastKnownFileType = sourcecode.swift; path = GroceryAppApp.swift; sourceTree = "<group>"; };
		C4A496122CE92CC70012CB69 /* ContentView.swift */ = {isa = PBXFileReference; lastKnownFileType = sourcecode.swift; path = ContentView.swift; sourceTree = "<group>"; };
		C4A496142CE92CC80012CB69 /* Assets.xcassets */ = {isa = PBXFileReference; lastKnownFileType = folder.assetcatalog; path = Assets.xcassets; sourceTree = "<group>"; };
		C4A496172CE92CC80012CB69 /* Preview Assets.xcassets */ = {isa = PBXFileReference; lastKnownFileType = folder.assetcatalog; path = "Preview Assets.xcassets"; sourceTree = "<group>"; };
		C4A4961D2CE92CC90012CB69 /* GroceryAppTests.xctest */ = {isa = PBXFileReference; explicitFileType = wrapper.cfbundle; includeInIndex = 0; path = GroceryAppTests.xctest; sourceTree = BUILT_PRODUCTS_DIR; };
		C4A496212CE92CC90012CB69 /* GroceryAppTests.swift */ = {isa = PBXFileReference; lastKnownFileType = sourcecode.swift; path = GroceryAppTests.swift; sourceTree = "<group>"; };
		C4A496272CE92CC90012CB69 /* GroceryAppUITests.xctest */ = {isa = PBXFileReference; explicitFileType = wrapper.cfbundle; includeInIndex = 0; path = GroceryAppUITests.xctest; sourceTree = BUILT_PRODUCTS_DIR; };
		C4A4962B2CE92CC90012CB69 /* GroceryAppUITests.swift */ = {isa = PBXFileReference; lastKnownFileType = sourcecode.swift; path = GroceryAppUITests.swift; sourceTree = "<group>"; };
		C4A4962D2CE92CC90012CB69 /* GroceryAppUITestsLaunchTests.swift */ = {isa = PBXFileReference; lastKnownFileType = sourcecode.swift; path = GroceryAppUITestsLaunchTests.swift; sourceTree = "<group>"; };
		C4A4963A2CE93FF50012CB69 /* Util.swift */ = {isa = PBXFileReference; lastKnownFileType = sourcecode.swift; path = Util.swift; sourceTree = "<group>"; };
/* End PBXFileReference section */

/* Begin PBXFrameworksBuildPhase section */
		C4A4960A2CE92CC70012CB69 /* Frameworks */ = {
			isa = PBXFrameworksBuildPhase;
			buildActionMask = 2147483647;
			files = (
			);
			runOnlyForDeploymentPostprocessing = 0;
		};
		C4A4961A2CE92CC90012CB69 /* Frameworks */ = {
			isa = PBXFrameworksBuildPhase;
			buildActionMask = 2147483647;
			files = (
			);
			runOnlyForDeploymentPostprocessing = 0;
		};
		C4A496242CE92CC90012CB69 /* Frameworks */ = {
			isa = PBXFrameworksBuildPhase;
			buildActionMask = 2147483647;
			files = (
			);
			runOnlyForDeploymentPostprocessing = 0;
		};
/* End PBXFrameworksBuildPhase section */

/* Begin PBXGroup section */
		17C4B2FE2CE92E1500216661 /* Front End */ = {
			isa = PBXGroup;
			children = (
				17C4B30E2CE9322700216661 /* Components */,
				17C4B2FF2CE92E2A00216661 /* ProfileView.swift */,
				17C4B3012CE92E3300216661 /* SearchView.swift */,
				17C4B3032CE92E3A00216661 /* TrendsView.swift */,
			);
			path = "Front End";
			sourceTree = "<group>";
		};
		17C4B3052CE92F0400216661 /* Back End */ = {
			isa = PBXGroup;
			children = (
				17C4B3062CE92F0C00216661 /* Product.swift */,
				17C4B3172CE9398200216661 /* PriceIncrement.swift */,
				17C4B3082CE92F1400216661 /* User.swift */,
				17C4B30A2CE9300C00216661 /* Store.swift */,
				17C4B30C2CE9301700216661 /* ViewModel.swift */,
				17C4B31D2CE94BFA00216661 /* SampleData.swift */,
				17C4B31F2CE94C2200216661 /* SampleData.csv */,
			);
			path = "Back End";
			sourceTree = "<group>";
		};
		17C4B30E2CE9322700216661 /* Components */ = {
			isa = PBXGroup;
			children = (
				17C4B30F2CE9324600216661 /* ChartView.swift */,
				17C4B3112CE932F700216661 /* ProductListView.swift */,
			);
			path = Components;
			sourceTree = "<group>";
		};
		C4A496042CE92CC70012CB69 = {
			isa = PBXGroup;
			children = (
				C4A4960F2CE92CC70012CB69 /* GroceryApp */,
				C4A496202CE92CC90012CB69 /* GroceryAppTests */,
				C4A4962A2CE92CC90012CB69 /* GroceryAppUITests */,
				C4A4960E2CE92CC70012CB69 /* Products */,
			);
			sourceTree = "<group>";
		};
		C4A4960E2CE92CC70012CB69 /* Products */ = {
			isa = PBXGroup;
			children = (
				C4A4960D2CE92CC70012CB69 /* GroceryApp.app */,
				C4A4961D2CE92CC90012CB69 /* GroceryAppTests.xctest */,
				C4A496272CE92CC90012CB69 /* GroceryAppUITests.xctest */,
			);
			name = Products;
			sourceTree = "<group>";
		};
		C4A4960F2CE92CC70012CB69 /* GroceryApp */ = {
			isa = PBXGroup;
			children = (
				17C4B3052CE92F0400216661 /* Back End */,
				C4A496102CE92CC70012CB69 /* GroceryAppApp.swift */,
				17C4B2FE2CE92E1500216661 /* Front End */,
				C4A496122CE92CC70012CB69 /* ContentView.swift */,
				C4A496142CE92CC80012CB69 /* Assets.xcassets */,
				C4A496162CE92CC80012CB69 /* Preview Content */,
				C4A4963A2CE93FF50012CB69 /* Util.swift */,
			);
			path = GroceryApp;
			sourceTree = "<group>";
		};
		C4A496162CE92CC80012CB69 /* Preview Content */ = {
			isa = PBXGroup;
			children = (
				C4A496172CE92CC80012CB69 /* Preview Assets.xcassets */,
			);
			path = "Preview Content";
			sourceTree = "<group>";
		};
		C4A496202CE92CC90012CB69 /* GroceryAppTests */ = {
			isa = PBXGroup;
			children = (
				C4A496212CE92CC90012CB69 /* GroceryAppTests.swift */,
			);
			path = GroceryAppTests;
			sourceTree = "<group>";
		};
		C4A4962A2CE92CC90012CB69 /* GroceryAppUITests */ = {
			isa = PBXGroup;
			children = (
				C4A4962B2CE92CC90012CB69 /* GroceryAppUITests.swift */,
				C4A4962D2CE92CC90012CB69 /* GroceryAppUITestsLaunchTests.swift */,
			);
			path = GroceryAppUITests;
			sourceTree = "<group>";
		};
/* End PBXGroup section */

/* Begin PBXNativeTarget section */
		C4A4960C2CE92CC70012CB69 /* GroceryApp */ = {
			isa = PBXNativeTarget;
			buildConfigurationList = C4A496312CE92CC90012CB69 /* Build configuration list for PBXNativeTarget "GroceryApp" */;
			buildPhases = (
				C4A496092CE92CC70012CB69 /* Sources */,
				C4A4960A2CE92CC70012CB69 /* Frameworks */,
				C4A4960B2CE92CC70012CB69 /* Resources */,
			);
			buildRules = (
			);
			dependencies = (
			);
			name = GroceryApp;
			productName = GroceryApp;
			productReference = C4A4960D2CE92CC70012CB69 /* GroceryApp.app */;
			productType = "com.apple.product-type.application";
		};
		C4A4961C2CE92CC90012CB69 /* GroceryAppTests */ = {
			isa = PBXNativeTarget;
			buildConfigurationList = C4A496342CE92CC90012CB69 /* Build configuration list for PBXNativeTarget "GroceryAppTests" */;
			buildPhases = (
				C4A496192CE92CC90012CB69 /* Sources */,
				C4A4961A2CE92CC90012CB69 /* Frameworks */,
				C4A4961B2CE92CC90012CB69 /* Resources */,
			);
			buildRules = (
			);
			dependencies = (
				C4A4961F2CE92CC90012CB69 /* PBXTargetDependency */,
			);
			name = GroceryAppTests;
			productName = GroceryAppTests;
			productReference = C4A4961D2CE92CC90012CB69 /* GroceryAppTests.xctest */;
			productType = "com.apple.product-type.bundle.unit-test";
		};
		C4A496262CE92CC90012CB69 /* GroceryAppUITests */ = {
			isa = PBXNativeTarget;
			buildConfigurationList = C4A496372CE92CC90012CB69 /* Build configuration list for PBXNativeTarget "GroceryAppUITests" */;
			buildPhases = (
				C4A496232CE92CC90012CB69 /* Sources */,
				C4A496242CE92CC90012CB69 /* Frameworks */,
				C4A496252CE92CC90012CB69 /* Resources */,
			);
			buildRules = (
			);
			dependencies = (
				C4A496292CE92CC90012CB69 /* PBXTargetDependency */,
			);
			name = GroceryAppUITests;
			productName = GroceryAppUITests;
			productReference = C4A496272CE92CC90012CB69 /* GroceryAppUITests.xctest */;
			productType = "com.apple.product-type.bundle.ui-testing";
		};
/* End PBXNativeTarget section */

/* Begin PBXProject section */
		C4A496052CE92CC70012CB69 /* Project object */ = {
			isa = PBXProject;
			attributes = {
				BuildIndependentTargetsInParallel = 1;
				LastSwiftUpdateCheck = 1520;
				LastUpgradeCheck = 1520;
				TargetAttributes = {
					C4A4960C2CE92CC70012CB69 = {
						CreatedOnToolsVersion = 15.2;
					};
					C4A4961C2CE92CC90012CB69 = {
						CreatedOnToolsVersion = 15.2;
						TestTargetID = C4A4960C2CE92CC70012CB69;
					};
					C4A496262CE92CC90012CB69 = {
						CreatedOnToolsVersion = 15.2;
						TestTargetID = C4A4960C2CE92CC70012CB69;
					};
				};
			};
			buildConfigurationList = C4A496082CE92CC70012CB69 /* Build configuration list for PBXProject "GroceryApp" */;
			compatibilityVersion = "Xcode 14.0";
			developmentRegion = en;
			hasScannedForEncodings = 0;
			knownRegions = (
				en,
				Base,
			);
			mainGroup = C4A496042CE92CC70012CB69;
			productRefGroup = C4A4960E2CE92CC70012CB69 /* Products */;
			projectDirPath = "";
			projectRoot = "";
			targets = (
				C4A4960C2CE92CC70012CB69 /* GroceryApp */,
				C4A4961C2CE92CC90012CB69 /* GroceryAppTests */,
				C4A496262CE92CC90012CB69 /* GroceryAppUITests */,
			);
		};
/* End PBXProject section */

/* Begin PBXResourcesBuildPhase section */
		C4A4960B2CE92CC70012CB69 /* Resources */ = {
			isa = PBXResourcesBuildPhase;
			buildActionMask = 2147483647;
			files = (
				C4A496182CE92CC80012CB69 /* Preview Assets.xcassets in Resources */,
				17C4B3202CE94C2200216661 /* SampleData.csv in Resources */,
				C4A496152CE92CC80012CB69 /* Assets.xcassets in Resources */,
			);
			runOnlyForDeploymentPostprocessing = 0;
		};
		C4A4961B2CE92CC90012CB69 /* Resources */ = {
			isa = PBXResourcesBuildPhase;
			buildActionMask = 2147483647;
			files = (
			);
			runOnlyForDeploymentPostprocessing = 0;
		};
		C4A496252CE92CC90012CB69 /* Resources */ = {
			isa = PBXResourcesBuildPhase;
			buildActionMask = 2147483647;
			files = (
			);
			runOnlyForDeploymentPostprocessing = 0;
		};
/* End PBXResourcesBuildPhase section */

/* Begin PBXSourcesBuildPhase section */
		C4A496092CE92CC70012CB69 /* Sources */ = {
			isa = PBXSourcesBuildPhase;
			buildActionMask = 2147483647;
			files = (
				17C4B3122CE932F700216661 /* ProductListView.swift in Sources */,
				17C4B31E2CE94BFA00216661 /* SampleData.swift in Sources */,
				17C4B3042CE92E3A00216661 /* TrendsView.swift in Sources */,
				17C4B30D2CE9301700216661 /* ViewModel.swift in Sources */,
				17C4B3022CE92E3300216661 /* SearchView.swift in Sources */,
				C4A496132CE92CC70012CB69 /* ContentView.swift in Sources */,
				17C4B3102CE9324600216661 /* ChartView.swift in Sources */,
				17C4B30B2CE9300C00216661 /* Store.swift in Sources */,
				C4A4963B2CE93FF50012CB69 /* Util.swift in Sources */,
				17C4B3002CE92E2A00216661 /* ProfileView.swift in Sources */,
				C4A496112CE92CC70012CB69 /* GroceryAppApp.swift in Sources */,
				17C4B3072CE92F0C00216661 /* Product.swift in Sources */,
				17C4B3092CE92F1400216661 /* User.swift in Sources */,
				17C4B3182CE9398200216661 /* PriceIncrement.swift in Sources */,
			);
			runOnlyForDeploymentPostprocessing = 0;
		};
		C4A496192CE92CC90012CB69 /* Sources */ = {
			isa = PBXSourcesBuildPhase;
			buildActionMask = 2147483647;
			files = (
				C4A496222CE92CC90012CB69 /* GroceryAppTests.swift in Sources */,
			);
			runOnlyForDeploymentPostprocessing = 0;
		};
		C4A496232CE92CC90012CB69 /* Sources */ = {
			isa = PBXSourcesBuildPhase;
			buildActionMask = 2147483647;
			files = (
				C4A4962E2CE92CC90012CB69 /* GroceryAppUITestsLaunchTests.swift in Sources */,
				C4A4962C2CE92CC90012CB69 /* GroceryAppUITests.swift in Sources */,
			);
			runOnlyForDeploymentPostprocessing = 0;
		};
/* End PBXSourcesBuildPhase section */

/* Begin PBXTargetDependency section */
		C4A4961F2CE92CC90012CB69 /* PBXTargetDependency */ = {
			isa = PBXTargetDependency;
			target = C4A4960C2CE92CC70012CB69 /* GroceryApp */;
			targetProxy = C4A4961E2CE92CC90012CB69 /* PBXContainerItemProxy */;
		};
		C4A496292CE92CC90012CB69 /* PBXTargetDependency */ = {
			isa = PBXTargetDependency;
			target = C4A4960C2CE92CC70012CB69 /* GroceryApp */;
			targetProxy = C4A496282CE92CC90012CB69 /* PBXContainerItemProxy */;
		};
/* End PBXTargetDependency section */

/* Begin XCBuildConfiguration section */
		C4A4962F2CE92CC90012CB69 /* Debug */ = {
			isa = XCBuildConfiguration;
			buildSettings = {
				ALWAYS_SEARCH_USER_PATHS = NO;
				ASSETCATALOG_COMPILER_GENERATE_SWIFT_ASSET_SYMBOL_EXTENSIONS = YES;
				CLANG_ANALYZER_NONNULL = YES;
				CLANG_ANALYZER_NUMBER_OBJECT_CONVERSION = YES_AGGRESSIVE;
				CLANG_CXX_LANGUAGE_STANDARD = "gnu++20";
				CLANG_ENABLE_MODULES = YES;
				CLANG_ENABLE_OBJC_ARC = YES;
				CLANG_ENABLE_OBJC_WEAK = YES;
				CLANG_WARN_BLOCK_CAPTURE_AUTORELEASING = YES;
				CLANG_WARN_BOOL_CONVERSION = YES;
				CLANG_WARN_COMMA = YES;
				CLANG_WARN_CONSTANT_CONVERSION = YES;
				CLANG_WARN_DEPRECATED_OBJC_IMPLEMENTATIONS = YES;
				CLANG_WARN_DIRECT_OBJC_ISA_USAGE = YES_ERROR;
				CLANG_WARN_DOCUMENTATION_COMMENTS = YES;
				CLANG_WARN_EMPTY_BODY = YES;
				CLANG_WARN_ENUM_CONVERSION = YES;
				CLANG_WARN_INFINITE_RECURSION = YES;
				CLANG_WARN_INT_CONVERSION = YES;
				CLANG_WARN_NON_LITERAL_NULL_CONVERSION = YES;
				CLANG_WARN_OBJC_IMPLICIT_RETAIN_SELF = YES;
				CLANG_WARN_OBJC_LITERAL_CONVERSION = YES;
				CLANG_WARN_OBJC_ROOT_CLASS = YES_ERROR;
				CLANG_WARN_QUOTED_INCLUDE_IN_FRAMEWORK_HEADER = YES;
				CLANG_WARN_RANGE_LOOP_ANALYSIS = YES;
				CLANG_WARN_STRICT_PROTOTYPES = YES;
				CLANG_WARN_SUSPICIOUS_MOVE = YES;
				CLANG_WARN_UNGUARDED_AVAILABILITY = YES_AGGRESSIVE;
				CLANG_WARN_UNREACHABLE_CODE = YES;
				CLANG_WARN__DUPLICATE_METHOD_MATCH = YES;
				COPY_PHASE_STRIP = NO;
				DEBUG_INFORMATION_FORMAT = dwarf;
				ENABLE_STRICT_OBJC_MSGSEND = YES;
				ENABLE_TESTABILITY = YES;
				ENABLE_USER_SCRIPT_SANDBOXING = YES;
				GCC_C_LANGUAGE_STANDARD = gnu17;
				GCC_DYNAMIC_NO_PIC = NO;
				GCC_NO_COMMON_BLOCKS = YES;
				GCC_OPTIMIZATION_LEVEL = 0;
				GCC_PREPROCESSOR_DEFINITIONS = (
					"DEBUG=1",
					"$(inherited)",
				);
				GCC_WARN_64_TO_32_BIT_CONVERSION = YES;
				GCC_WARN_ABOUT_RETURN_TYPE = YES_ERROR;
				GCC_WARN_UNDECLARED_SELECTOR = YES;
				GCC_WARN_UNINITIALIZED_AUTOS = YES_AGGRESSIVE;
				GCC_WARN_UNUSED_FUNCTION = YES;
				GCC_WARN_UNUSED_VARIABLE = YES;
				IPHONEOS_DEPLOYMENT_TARGET = 17.2;
				LOCALIZATION_PREFERS_STRING_CATALOGS = YES;
				MTL_ENABLE_DEBUG_INFO = INCLUDE_SOURCE;
				MTL_FAST_MATH = YES;
				ONLY_ACTIVE_ARCH = YES;
				SDKROOT = iphoneos;
				SWIFT_ACTIVE_COMPILATION_CONDITIONS = "DEBUG $(inherited)";
				SWIFT_OPTIMIZATION_LEVEL = "-Onone";
			};
			name = Debug;
		};
		C4A496302CE92CC90012CB69 /* Release */ = {
			isa = XCBuildConfiguration;
			buildSettings = {
				ALWAYS_SEARCH_USER_PATHS = NO;
				ASSETCATALOG_COMPILER_GENERATE_SWIFT_ASSET_SYMBOL_EXTENSIONS = YES;
				CLANG_ANALYZER_NONNULL = YES;
				CLANG_ANALYZER_NUMBER_OBJECT_CONVERSION = YES_AGGRESSIVE;
				CLANG_CXX_LANGUAGE_STANDARD = "gnu++20";
				CLANG_ENABLE_MODULES = YES;
				CLANG_ENABLE_OBJC_ARC = YES;
				CLANG_ENABLE_OBJC_WEAK = YES;
				CLANG_WARN_BLOCK_CAPTURE_AUTORELEASING = YES;
				CLANG_WARN_BOOL_CONVERSION = YES;
				CLANG_WARN_COMMA = YES;
				CLANG_WARN_CONSTANT_CONVERSION = YES;
				CLANG_WARN_DEPRECATED_OBJC_IMPLEMENTATIONS = YES;
				CLANG_WARN_DIRECT_OBJC_ISA_USAGE = YES_ERROR;
				CLANG_WARN_DOCUMENTATION_COMMENTS = YES;
				CLANG_WARN_EMPTY_BODY = YES;
				CLANG_WARN_ENUM_CONVERSION = YES;
				CLANG_WARN_INFINITE_RECURSION = YES;
				CLANG_WARN_INT_CONVERSION = YES;
				CLANG_WARN_NON_LITERAL_NULL_CONVERSION = YES;
				CLANG_WARN_OBJC_IMPLICIT_RETAIN_SELF = YES;
				CLANG_WARN_OBJC_LITERAL_CONVERSION = YES;
				CLANG_WARN_OBJC_ROOT_CLASS = YES_ERROR;
				CLANG_WARN_QUOTED_INCLUDE_IN_FRAMEWORK_HEADER = YES;
				CLANG_WARN_RANGE_LOOP_ANALYSIS = YES;
				CLANG_WARN_STRICT_PROTOTYPES = YES;
				CLANG_WARN_SUSPICIOUS_MOVE = YES;
				CLANG_WARN_UNGUARDED_AVAILABILITY = YES_AGGRESSIVE;
				CLANG_WARN_UNREACHABLE_CODE = YES;
				CLANG_WARN__DUPLICATE_METHOD_MATCH = YES;
				COPY_PHASE_STRIP = NO;
				DEBUG_INFORMATION_FORMAT = "dwarf-with-dsym";
				ENABLE_NS_ASSERTIONS = NO;
				ENABLE_STRICT_OBJC_MSGSEND = YES;
				ENABLE_USER_SCRIPT_SANDBOXING = YES;
				GCC_C_LANGUAGE_STANDARD = gnu17;
				GCC_NO_COMMON_BLOCKS = YES;
				GCC_WARN_64_TO_32_BIT_CONVERSION = YES;
				GCC_WARN_ABOUT_RETURN_TYPE = YES_ERROR;
				GCC_WARN_UNDECLARED_SELECTOR = YES;
				GCC_WARN_UNINITIALIZED_AUTOS = YES_AGGRESSIVE;
				GCC_WARN_UNUSED_FUNCTION = YES;
				GCC_WARN_UNUSED_VARIABLE = YES;
				IPHONEOS_DEPLOYMENT_TARGET = 17.2;
				LOCALIZATION_PREFERS_STRING_CATALOGS = YES;
				MTL_ENABLE_DEBUG_INFO = NO;
				MTL_FAST_MATH = YES;
				SDKROOT = iphoneos;
				SWIFT_COMPILATION_MODE = wholemodule;
				VALIDATE_PRODUCT = YES;
			};
			name = Release;
		};
		C4A496322CE92CC90012CB69 /* Debug */ = {
			isa = XCBuildConfiguration;
			buildSettings = {
				ASSETCATALOG_COMPILER_APPICON_NAME = AppIcon;
				ASSETCATALOG_COMPILER_GLOBAL_ACCENT_COLOR_NAME = AccentColor;
				CODE_SIGN_STYLE = Automatic;
				CURRENT_PROJECT_VERSION = 1;
				DEVELOPMENT_ASSET_PATHS = "\"GroceryApp/Preview Content\"";
				DEVELOPMENT_TEAM = C72D493DTH;
				ENABLE_PREVIEWS = YES;
				GENERATE_INFOPLIST_FILE = YES;
				INFOPLIST_KEY_UIApplicationSceneManifest_Generation = YES;
				INFOPLIST_KEY_UIApplicationSupportsIndirectInputEvents = YES;
				INFOPLIST_KEY_UILaunchScreen_Generation = YES;
				INFOPLIST_KEY_UISupportedInterfaceOrientations_iPad = "UIInterfaceOrientationPortrait UIInterfaceOrientationPortraitUpsideDown UIInterfaceOrientationLandscapeLeft UIInterfaceOrientationLandscapeRight";
				INFOPLIST_KEY_UISupportedInterfaceOrientations_iPhone = "UIInterfaceOrientationPortrait UIInterfaceOrientationLandscapeLeft UIInterfaceOrientationLandscapeRight";
				LD_RUNPATH_SEARCH_PATHS = (
					"$(inherited)",
					"@executable_path/Frameworks",
				);
				MARKETING_VERSION = 1.0;
				PRODUCT_BUNDLE_IDENTIFIER = com.ripple.GroceryApp;
				PRODUCT_NAME = "$(TARGET_NAME)";
				SWIFT_EMIT_LOC_STRINGS = YES;
				SWIFT_VERSION = 5.0;
				TARGETED_DEVICE_FAMILY = "1,2";
			};
			name = Debug;
		};
		C4A496332CE92CC90012CB69 /* Release */ = {
			isa = XCBuildConfiguration;
			buildSettings = {
				ASSETCATALOG_COMPILER_APPICON_NAME = AppIcon;
				ASSETCATALOG_COMPILER_GLOBAL_ACCENT_COLOR_NAME = AccentColor;
				CODE_SIGN_STYLE = Automatic;
				CURRENT_PROJECT_VERSION = 1;
				DEVELOPMENT_ASSET_PATHS = "\"GroceryApp/Preview Content\"";
				DEVELOPMENT_TEAM = C72D493DTH;
				ENABLE_PREVIEWS = YES;
				GENERATE_INFOPLIST_FILE = YES;
				INFOPLIST_KEY_UIApplicationSceneManifest_Generation = YES;
				INFOPLIST_KEY_UIApplicationSupportsIndirectInputEvents = YES;
				INFOPLIST_KEY_UILaunchScreen_Generation = YES;
				INFOPLIST_KEY_UISupportedInterfaceOrientations_iPad = "UIInterfaceOrientationPortrait UIInterfaceOrientationPortraitUpsideDown UIInterfaceOrientationLandscapeLeft UIInterfaceOrientationLandscapeRight";
				INFOPLIST_KEY_UISupportedInterfaceOrientations_iPhone = "UIInterfaceOrientationPortrait UIInterfaceOrientationLandscapeLeft UIInterfaceOrientationLandscapeRight";
				LD_RUNPATH_SEARCH_PATHS = (
					"$(inherited)",
					"@executable_path/Frameworks",
				);
				MARKETING_VERSION = 1.0;
				PRODUCT_BUNDLE_IDENTIFIER = com.ripple.GroceryApp;
				PRODUCT_NAME = "$(TARGET_NAME)";
				SWIFT_EMIT_LOC_STRINGS = YES;
				SWIFT_VERSION = 5.0;
				TARGETED_DEVICE_FAMILY = "1,2";
			};
			name = Release;
		};
		C4A496352CE92CC90012CB69 /* Debug */ = {
			isa = XCBuildConfiguration;
			buildSettings = {
				ALWAYS_EMBED_SWIFT_STANDARD_LIBRARIES = YES;
				BUNDLE_LOADER = "$(TEST_HOST)";
				CODE_SIGN_STYLE = Automatic;
				CURRENT_PROJECT_VERSION = 1;
				DEVELOPMENT_TEAM = 5JV988A46C;
				GENERATE_INFOPLIST_FILE = YES;
				IPHONEOS_DEPLOYMENT_TARGET = 17.2;
				MARKETING_VERSION = 1.0;
				PRODUCT_BUNDLE_IDENTIFIER = com.ripple.GroceryAppTests;
				PRODUCT_NAME = "$(TARGET_NAME)";
				SWIFT_EMIT_LOC_STRINGS = NO;
				SWIFT_VERSION = 5.0;
				TARGETED_DEVICE_FAMILY = "1,2";
				TEST_HOST = "$(BUILT_PRODUCTS_DIR)/GroceryApp.app/$(BUNDLE_EXECUTABLE_FOLDER_PATH)/GroceryApp";
			};
			name = Debug;
		};
		C4A496362CE92CC90012CB69 /* Release */ = {
			isa = XCBuildConfiguration;
			buildSettings = {
				ALWAYS_EMBED_SWIFT_STANDARD_LIBRARIES = YES;
				BUNDLE_LOADER = "$(TEST_HOST)";
				CODE_SIGN_STYLE = Automatic;
				CURRENT_PROJECT_VERSION = 1;
				DEVELOPMENT_TEAM = 5JV988A46C;
				GENERATE_INFOPLIST_FILE = YES;
				IPHONEOS_DEPLOYMENT_TARGET = 17.2;
				MARKETING_VERSION = 1.0;
				PRODUCT_BUNDLE_IDENTIFIER = com.ripple.GroceryAppTests;
				PRODUCT_NAME = "$(TARGET_NAME)";
				SWIFT_EMIT_LOC_STRINGS = NO;
				SWIFT_VERSION = 5.0;
				TARGETED_DEVICE_FAMILY = "1,2";
				TEST_HOST = "$(BUILT_PRODUCTS_DIR)/GroceryApp.app/$(BUNDLE_EXECUTABLE_FOLDER_PATH)/GroceryApp";
			};
			name = Release;
		};
		C4A496382CE92CC90012CB69 /* Debug */ = {
			isa = XCBuildConfiguration;
			buildSettings = {
				ALWAYS_EMBED_SWIFT_STANDARD_LIBRARIES = YES;
				CODE_SIGN_STYLE = Automatic;
				CURRENT_PROJECT_VERSION = 1;
				DEVELOPMENT_TEAM = 5JV988A46C;
				GENERATE_INFOPLIST_FILE = YES;
				MARKETING_VERSION = 1.0;
				PRODUCT_BUNDLE_IDENTIFIER = com.ripple.GroceryAppUITests;
				PRODUCT_NAME = "$(TARGET_NAME)";
				SWIFT_EMIT_LOC_STRINGS = NO;
				SWIFT_VERSION = 5.0;
				TARGETED_DEVICE_FAMILY = "1,2";
				TEST_TARGET_NAME = GroceryApp;
			};
			name = Debug;
		};
		C4A496392CE92CC90012CB69 /* Release */ = {
			isa = XCBuildConfiguration;
			buildSettings = {
				ALWAYS_EMBED_SWIFT_STANDARD_LIBRARIES = YES;
				CODE_SIGN_STYLE = Automatic;
				CURRENT_PROJECT_VERSION = 1;
				DEVELOPMENT_TEAM = 5JV988A46C;
				GENERATE_INFOPLIST_FILE = YES;
				MARKETING_VERSION = 1.0;
				PRODUCT_BUNDLE_IDENTIFIER = com.ripple.GroceryAppUITests;
				PRODUCT_NAME = "$(TARGET_NAME)";
				SWIFT_EMIT_LOC_STRINGS = NO;
				SWIFT_VERSION = 5.0;
				TARGETED_DEVICE_FAMILY = "1,2";
				TEST_TARGET_NAME = GroceryApp;
			};
			name = Release;
		};
/* End XCBuildConfiguration section */

/* Begin XCConfigurationList section */
		C4A496082CE92CC70012CB69 /* Build configuration list for PBXProject "GroceryApp" */ = {
			isa = XCConfigurationList;
			buildConfigurations = (
				C4A4962F2CE92CC90012CB69 /* Debug */,
				C4A496302CE92CC90012CB69 /* Release */,
			);
			defaultConfigurationIsVisible = 0;
			defaultConfigurationName = Release;
		};
		C4A496312CE92CC90012CB69 /* Build configuration list for PBXNativeTarget "GroceryApp" */ = {
			isa = XCConfigurationList;
			buildConfigurations = (
				C4A496322CE92CC90012CB69 /* Debug */,
				C4A496332CE92CC90012CB69 /* Release */,
			);
			defaultConfigurationIsVisible = 0;
			defaultConfigurationName = Release;
		};
		C4A496342CE92CC90012CB69 /* Build configuration list for PBXNativeTarget "GroceryAppTests" */ = {
			isa = XCConfigurationList;
			buildConfigurations = (
				C4A496352CE92CC90012CB69 /* Debug */,
				C4A496362CE92CC90012CB69 /* Release */,
			);
			defaultConfigurationIsVisible = 0;
			defaultConfigurationName = Release;
		};
		C4A496372CE92CC90012CB69 /* Build configuration list for PBXNativeTarget "GroceryAppUITests" */ = {
			isa = XCConfigurationList;
			buildConfigurations = (
				C4A496382CE92CC90012CB69 /* Debug */,
				C4A496392CE92CC90012CB69 /* Release */,
			);
			defaultConfigurationIsVisible = 0;
			defaultConfigurationName = Release;
		};
/* End XCConfigurationList section */
	};
	rootObject = C4A496052CE92CC70012CB69 /* Project object */;
}
